
Microsoft Visual Studio Solution File, Format Version 12.00
# Visual Studio Version 16
VisualStudioVersion = 16.0.30413.136
MinimumVisualStudioVersion = 10.0.40219.1
Project("{FAE04EC0-301F-11D3-BF4B-00C04F79EFBC}") = "DevopsExercise.Tests", "DevopsExercise.Tests\DevopsExercise.Tests.csproj", "{C87DA0B3-859A-4452-9066-4DB93416941F}"
EndProject
Project("{FAE04EC0-301F-11D3-BF4B-00C04F79EFBC}") = "DevopsExercise.Web", "DevopsExercise.Web\DevopsExercise.Web.csproj", "{538DBC63-F552-4DE3-AA30-C7BF50177723}"
EndProject
Global
	GlobalSection(SolutionConfigurationPlatforms) = preSolution
		Debug|Any CPU = Debug|Any CPU
		Release|Any CPU = Release|Any CPU
	EndGlobalSection
	GlobalSection(ProjectConfigurationPlatforms) = postSolution
		{C87DA0B3-859A-4452-9066-4DB93416941F}.Debug|Any CPU.ActiveCfg = Debug|Any CPU
		{C87DA0B3-859A-4452-9066-4DB93416941F}.Debug|Any CPU.Build.0 = Debug|Any CPU
		{C87DA0B3-859A-4452-9066-4DB93416941F}.Release|Any CPU.ActiveCfg = Release|Any CPU
		{C87DA0B3-859A-4452-9066-4DB93416941F}.Release|Any CPU.Build.0 = Release|Any CPU
		{538DBC63-F552-4DE3-AA30-C7BF50177723}.Debug|Any CPU.ActiveCfg = Debug|Any CPU
		{538DBC63-F552-4DE3-AA30-C7BF50177723}.Debug|Any CPU.Build.0 = Debug|Any CPU
		{538DBC63-F552-4DE3-AA30-C7BF50177723}.Release|Any CPU.ActiveCfg = Release|Any CPU
		{538DBC63-F552-4DE3-AA30-C7BF50177723}.Release|Any CPU.Build.0 = Release|Any CPU
	EndGlobalSection
	GlobalSection(SolutionProperties) = preSolution
		HideSolutionNode = FALSE
	EndGlobalSection
	GlobalSection(ExtensibilityGlobals) = postSolution
		SolutionGuid = {3260A507-0777-47D3-ABED-A32ABC9E8999}
	EndGlobalSection
EndGlobal
